// !$*UTF8*$!
{
	archiveVersion = 1;
	classes = {
	};
	objectVersion = 51;
	objects = {

/* Begin PBXBuildFile section */
		0687F0D022680B1600729334 /* PreferenceSonViewControler.swift in Sources */ = {isa = PBXBuildFile; fileRef = 0687F0CF22680B1600729334 /* PreferenceSonViewControler.swift */; };
		0687F0D222680B7B00729334 /* PreferenceViewController.swift in Sources */ = {isa = PBXBuildFile; fileRef = 0687F0D122680B7B00729334 /* PreferenceViewController.swift */; };
		2408CE3F2279331800042776 /* UIViewExtensions.swift in Sources */ = {isa = PBXBuildFile; fileRef = 2408CE3E2279331800042776 /* UIViewExtensions.swift */; };
		24377836228536CF00F41CB6 /* UIButtonExtensions.swift in Sources */ = {isa = PBXBuildFile; fileRef = 24377835228536CF00F41CB6 /* UIButtonExtensions.swift */; };
		24C09FA02263E99400302CEF /* Assets.xcassets in Resources */ = {isa = PBXBuildFile; fileRef = 24C09F5E2263E99400302CEF /* Assets.xcassets */; };
		24C09FA12263E99400302CEF /* HttpUtil.swift in Sources */ = {isa = PBXBuildFile; fileRef = 24C09F602263E99400302CEF /* HttpUtil.swift */; };
		24C09FA22263E99400302CEF /* ChatUtil.swift in Sources */ = {isa = PBXBuildFile; fileRef = 24C09F612263E99400302CEF /* ChatUtil.swift */; };
		24C09FA32263E99400302CEF /* LocalStorageUtil.swift in Sources */ = {isa = PBXBuildFile; fileRef = 24C09F622263E99400302CEF /* LocalStorageUtil.swift */; };
		24C09FA42263E99400302CEF /* ImageUtil.swift in Sources */ = {isa = PBXBuildFile; fileRef = 24C09F632263E99400302CEF /* ImageUtil.swift */; };
		24C09FA52263E99400302CEF /* ProfileIndexUtil.swift in Sources */ = {isa = PBXBuildFile; fileRef = 24C09F642263E99400302CEF /* ProfileIndexUtil.swift */; };
		24C09FA62263E99400302CEF /* TimerUtil.swift in Sources */ = {isa = PBXBuildFile; fileRef = 24C09F652263E99400302CEF /* TimerUtil.swift */; };
		24C09FA72263E99400302CEF /* UserModels.swift in Sources */ = {isa = PBXBuildFile; fileRef = 24C09F672263E99400302CEF /* UserModels.swift */; };
		24C09FA82263E99400302CEF /* Message.swift in Sources */ = {isa = PBXBuildFile; fileRef = 24C09F682263E99400302CEF /* Message.swift */; };
		24C09FA92263E99400302CEF /* LaunchScreen.storyboard in Resources */ = {isa = PBXBuildFile; fileRef = 24C09F692263E99400302CEF /* LaunchScreen.storyboard */; };
		24C09FAA2263E99400302CEF /* MainPage.storyboard in Resources */ = {isa = PBXBuildFile; fileRef = 24C09F6B2263E99400302CEF /* MainPage.storyboard */; };
		24C09FAB2263E99400302CEF /* Main.storyboard in Resources */ = {isa = PBXBuildFile; fileRef = 24C09F6D2263E99400302CEF /* Main.storyboard */; };
		24C09FAC2263E99400302CEF /* QuestionAnswer.storyboard in Resources */ = {isa = PBXBuildFile; fileRef = 24C09F6F2263E99400302CEF /* QuestionAnswer.storyboard */; };
		24C09FAD2263E99400302CEF /* ProfileGNB.storyboard in Resources */ = {isa = PBXBuildFile; fileRef = 24C09F712263E99400302CEF /* ProfileGNB.storyboard */; };
		24C09FAE2263E99400302CEF /* ViewController.swift in Sources */ = {isa = PBXBuildFile; fileRef = 24C09F742263E99400302CEF /* ViewController.swift */; };
		24C09FAF2263E99400302CEF /* QuestionViewController.swift in Sources */ = {isa = PBXBuildFile; fileRef = 24C09F762263E99400302CEF /* QuestionViewController.swift */; };
		24C09FB02263E99400302CEF /* AnswerQuestionViewController.swift in Sources */ = {isa = PBXBuildFile; fileRef = 24C09F772263E99400302CEF /* AnswerQuestionViewController.swift */; };
		24C09FB12263E99400302CEF /* SelectQuestionViewController.swift in Sources */ = {isa = PBXBuildFile; fileRef = 24C09F782263E99400302CEF /* SelectQuestionViewController.swift */; };
		24C09FB22263E99400302CEF /* ChatRoomViewController.swift in Sources */ = {isa = PBXBuildFile; fileRef = 24C09F7A2263E99400302CEF /* ChatRoomViewController.swift */; };
		24C09FB32263E99400302CEF /* ChatProfileViewController.swift in Sources */ = {isa = PBXBuildFile; fileRef = 24C09F7B2263E99400302CEF /* ChatProfileViewController.swift */; };
		24C09FB42263E99400302CEF /* ChatPageViewController.swift in Sources */ = {isa = PBXBuildFile; fileRef = 24C09F7C2263E99400302CEF /* ChatPageViewController.swift */; };
		24C09FB52263E99400302CEF /* Profile_DraftFinal.swift in Sources */ = {isa = PBXBuildFile; fileRef = 24C09F7E2263E99400302CEF /* Profile_DraftFinal.swift */; };
		24C09FB62263E99400302CEF /* Profile_Height.swift in Sources */ = {isa = PBXBuildFile; fileRef = 24C09F7F2263E99400302CEF /* Profile_Height.swift */; };
		24C09FB72263E99400302CEF /* Profile_WorkJob.swift in Sources */ = {isa = PBXBuildFile; fileRef = 24C09F802263E99400302CEF /* Profile_WorkJob.swift */; };
		24C09FB82263E99400302CEF /* ProfileGNBViewController.swift in Sources */ = {isa = PBXBuildFile; fileRef = 24C09F812263E99400302CEF /* ProfileGNBViewController.swift */; };
		24C09FB92263E99400302CEF /* Profile_Photos.swift in Sources */ = {isa = PBXBuildFile; fileRef = 24C09F822263E99400302CEF /* Profile_Photos.swift */; };
		24C09FBA2263E99400302CEF /* ImageCollectionViewCell.swift in Sources */ = {isa = PBXBuildFile; fileRef = 24C09F832263E99400302CEF /* ImageCollectionViewCell.swift */; };
		24C09FBB2263E99400302CEF /* Profile_HomeTown.swift in Sources */ = {isa = PBXBuildFile; fileRef = 24C09F842263E99400302CEF /* Profile_HomeTown.swift */; };
		24C09FBC2263E99400302CEF /* Profile_PhotosUpload.swift in Sources */ = {isa = PBXBuildFile; fileRef = 24C09F852263E99400302CEF /* Profile_PhotosUpload.swift */; };
		24C09FBD2263E99400302CEF /* Profile_Education.swift in Sources */ = {isa = PBXBuildFile; fileRef = 24C09F862263E99400302CEF /* Profile_Education.swift */; };
		24C09FBE2263E99400302CEF /* Profile_Smoke.swift in Sources */ = {isa = PBXBuildFile; fileRef = 24C09F872263E99400302CEF /* Profile_Smoke.swift */; };
		24C09FBF2263E99400302CEF /* Profile_Drink.swift in Sources */ = {isa = PBXBuildFile; fileRef = 24C09F882263E99400302CEF /* Profile_Drink.swift */; };
		24C09FC02263E99400302CEF /* Profile_Notificatioin.swift in Sources */ = {isa = PBXBuildFile; fileRef = 24C09F892263E99400302CEF /* Profile_Notificatioin.swift */; };
		24C09FC22263E99400302CEF /* MainPageTableViewCell.swift in Sources */ = {isa = PBXBuildFile; fileRef = 24C09F8C2263E99400302CEF /* MainPageTableViewCell.swift */; };
		24C09FC32263E99400302CEF /* MainPageTabBarViewController.swift in Sources */ = {isa = PBXBuildFile; fileRef = 24C09F8D2263E99400302CEF /* MainPageTabBarViewController.swift */; };
		24C09FC42263E99400302CEF /* MainPageEndViewController.swift in Sources */ = {isa = PBXBuildFile; fileRef = 24C09F8E2263E99400302CEF /* MainPageEndViewController.swift */; };
		24C09FC52263E99400302CEF /* ModalPopupViewController.swift in Sources */ = {isa = PBXBuildFile; fileRef = 24C09F8F2263E99400302CEF /* ModalPopupViewController.swift */; };
		24C09FC62263E99400302CEF /* MainPageViewController.swift in Sources */ = {isa = PBXBuildFile; fileRef = 24C09F902263E99400302CEF /* MainPageViewController.swift */; };
		24C09FC72263E99400302CEF /* MainPageViewModels.swift in Sources */ = {isa = PBXBuildFile; fileRef = 24C09F912263E99400302CEF /* MainPageViewModels.swift */; };
		24C09FC82263E99400302CEF /* SettingPageViewController.swift in Sources */ = {isa = PBXBuildFile; fileRef = 24C09F932263E99400302CEF /* SettingPageViewController.swift */; };
		24C09FC92263E99400302CEF /* ProfileSettingViewController.swift in Sources */ = {isa = PBXBuildFile; fileRef = 24C09F942263E99400302CEF /* ProfileSettingViewController.swift */; };
		24C09FCA2263E99400302CEF /* AppLandingViewController.swift in Sources */ = {isa = PBXBuildFile; fileRef = 24C09F952263E99400302CEF /* AppLandingViewController.swift */; };
		24C09FCB2263E99400302CEF /* PhoneAuthenticateViewController.swift in Sources */ = {isa = PBXBuildFile; fileRef = 24C09F972263E99400302CEF /* PhoneAuthenticateViewController.swift */; };
		24C09FCC2263E99400302CEF /* PhoneVerifyViewController.swift in Sources */ = {isa = PBXBuildFile; fileRef = 24C09F982263E99400302CEF /* PhoneVerifyViewController.swift */; };
		24C09FCE2263E99400302CEF /* AppDelegate.swift in Sources */ = {isa = PBXBuildFile; fileRef = 24C09F9C2263E99400302CEF /* AppDelegate.swift */; };
		24F6581121B31C1400DB2547 /* NewDawnTests.swift in Sources */ = {isa = PBXBuildFile; fileRef = 24F6581021B31C1400DB2547 /* NewDawnTests.swift */; };
		24F6581C21B31C1400DB2547 /* NewDawnUITests.swift in Sources */ = {isa = PBXBuildFile; fileRef = 24F6581B21B31C1400DB2547 /* NewDawnUITests.swift */; };
		287289B5642A2F4B53258129 /* Pods_NewDawnUITests.framework in Frameworks */ = {isa = PBXBuildFile; fileRef = 04C89C23CC2E72EC69940A16 /* Pods_NewDawnUITests.framework */; };
		E012BD5D910E38877F196B74 /* Pods_NewDawnTests.framework in Frameworks */ = {isa = PBXBuildFile; fileRef = 9FAFEA34623E904F57768353 /* Pods_NewDawnTests.framework */; };
		E7EBBC30E654CB6DEF94B0E4 /* Pods_NewDawn.framework in Frameworks */ = {isa = PBXBuildFile; fileRef = 2F98661778968083EC2BD71A /* Pods_NewDawn.framework */; };
/* End PBXBuildFile section */

/* Begin PBXContainerItemProxy section */
		24F6580D21B31C1300DB2547 /* PBXContainerItemProxy */ = {
			isa = PBXContainerItemProxy;
			containerPortal = 24F657F021B31C1300DB2547 /* Project object */;
			proxyType = 1;
			remoteGlobalIDString = 24F657F721B31C1300DB2547;
			remoteInfo = NewDawn;
		};
		24F6581821B31C1400DB2547 /* PBXContainerItemProxy */ = {
			isa = PBXContainerItemProxy;
			containerPortal = 24F657F021B31C1300DB2547 /* Project object */;
			proxyType = 1;
			remoteGlobalIDString = 24F657F721B31C1300DB2547;
			remoteInfo = NewDawn;
		};
/* End PBXContainerItemProxy section */

/* Begin PBXFileReference section */
		04C89C23CC2E72EC69940A16 /* Pods_NewDawnUITests.framework */ = {isa = PBXFileReference; explicitFileType = wrapper.framework; includeInIndex = 0; path = Pods_NewDawnUITests.framework; sourceTree = BUILT_PRODUCTS_DIR; };
		0687F0CF22680B1600729334 /* PreferenceSonViewControler.swift */ = {isa = PBXFileReference; lastKnownFileType = sourcecode.swift; path = PreferenceSonViewControler.swift; sourceTree = "<group>"; };
		0687F0D122680B7B00729334 /* PreferenceViewController.swift */ = {isa = PBXFileReference; fileEncoding = 4; lastKnownFileType = sourcecode.swift; path = PreferenceViewController.swift; sourceTree = "<group>"; };
		178CD26DF50D54E486AB41DD /* Pods-NewDawnTests.release.xcconfig */ = {isa = PBXFileReference; includeInIndex = 1; lastKnownFileType = text.xcconfig; name = "Pods-NewDawnTests.release.xcconfig"; path = "Pods/Target Support Files/Pods-NewDawnTests/Pods-NewDawnTests.release.xcconfig"; sourceTree = "<group>"; };
		2408CE3E2279331800042776 /* UIViewExtensions.swift */ = {isa = PBXFileReference; lastKnownFileType = sourcecode.swift; path = UIViewExtensions.swift; sourceTree = "<group>"; };
		24377835228536CF00F41CB6 /* UIButtonExtensions.swift */ = {isa = PBXFileReference; lastKnownFileType = sourcecode.swift; path = UIButtonExtensions.swift; sourceTree = "<group>"; };
		24C09F5E2263E99400302CEF /* Assets.xcassets */ = {isa = PBXFileReference; lastKnownFileType = folder.assetcatalog; path = Assets.xcassets; sourceTree = "<group>"; };
		24C09F602263E99400302CEF /* HttpUtil.swift */ = {isa = PBXFileReference; fileEncoding = 4; lastKnownFileType = sourcecode.swift; path = HttpUtil.swift; sourceTree = "<group>"; };
		24C09F612263E99400302CEF /* ChatUtil.swift */ = {isa = PBXFileReference; fileEncoding = 4; lastKnownFileType = sourcecode.swift; path = ChatUtil.swift; sourceTree = "<group>"; };
		24C09F622263E99400302CEF /* LocalStorageUtil.swift */ = {isa = PBXFileReference; fileEncoding = 4; lastKnownFileType = sourcecode.swift; path = LocalStorageUtil.swift; sourceTree = "<group>"; };
		24C09F632263E99400302CEF /* ImageUtil.swift */ = {isa = PBXFileReference; fileEncoding = 4; lastKnownFileType = sourcecode.swift; path = ImageUtil.swift; sourceTree = "<group>"; };
		24C09F642263E99400302CEF /* ProfileIndexUtil.swift */ = {isa = PBXFileReference; fileEncoding = 4; lastKnownFileType = sourcecode.swift; path = ProfileIndexUtil.swift; sourceTree = "<group>"; };
		24C09F652263E99400302CEF /* TimerUtil.swift */ = {isa = PBXFileReference; fileEncoding = 4; lastKnownFileType = sourcecode.swift; path = TimerUtil.swift; sourceTree = "<group>"; };
		24C09F672263E99400302CEF /* UserModels.swift */ = {isa = PBXFileReference; fileEncoding = 4; lastKnownFileType = sourcecode.swift; path = UserModels.swift; sourceTree = "<group>"; };
		24C09F682263E99400302CEF /* Message.swift */ = {isa = PBXFileReference; fileEncoding = 4; lastKnownFileType = sourcecode.swift; path = Message.swift; sourceTree = "<group>"; };
		24C09F6A2263E99400302CEF /* Base */ = {isa = PBXFileReference; lastKnownFileType = file.storyboard; name = Base; path = Base.lproj/LaunchScreen.storyboard; sourceTree = "<group>"; };
		24C09F6C2263E99400302CEF /* Base */ = {isa = PBXFileReference; lastKnownFileType = file.storyboard; name = Base; path = Base.lproj/MainPage.storyboard; sourceTree = "<group>"; };
		24C09F6E2263E99400302CEF /* Base */ = {isa = PBXFileReference; lastKnownFileType = file.storyboard; name = Base; path = Base.lproj/Main.storyboard; sourceTree = "<group>"; };
		24C09F702263E99400302CEF /* Base */ = {isa = PBXFileReference; lastKnownFileType = file.storyboard; name = Base; path = Base.lproj/QuestionAnswer.storyboard; sourceTree = "<group>"; };
		24C09F722263E99400302CEF /* Base */ = {isa = PBXFileReference; lastKnownFileType = file.storyboard; name = Base; path = Base.lproj/ProfileGNB.storyboard; sourceTree = "<group>"; };
		24C09F742263E99400302CEF /* ViewController.swift */ = {isa = PBXFileReference; fileEncoding = 4; lastKnownFileType = sourcecode.swift; path = ViewController.swift; sourceTree = "<group>"; };
		24C09F762263E99400302CEF /* QuestionViewController.swift */ = {isa = PBXFileReference; fileEncoding = 4; lastKnownFileType = sourcecode.swift; path = QuestionViewController.swift; sourceTree = "<group>"; };
		24C09F772263E99400302CEF /* AnswerQuestionViewController.swift */ = {isa = PBXFileReference; fileEncoding = 4; lastKnownFileType = sourcecode.swift; path = AnswerQuestionViewController.swift; sourceTree = "<group>"; };
		24C09F782263E99400302CEF /* SelectQuestionViewController.swift */ = {isa = PBXFileReference; fileEncoding = 4; lastKnownFileType = sourcecode.swift; path = SelectQuestionViewController.swift; sourceTree = "<group>"; };
		24C09F7A2263E99400302CEF /* ChatRoomViewController.swift */ = {isa = PBXFileReference; fileEncoding = 4; lastKnownFileType = sourcecode.swift; path = ChatRoomViewController.swift; sourceTree = "<group>"; };
		24C09F7B2263E99400302CEF /* ChatProfileViewController.swift */ = {isa = PBXFileReference; fileEncoding = 4; lastKnownFileType = sourcecode.swift; path = ChatProfileViewController.swift; sourceTree = "<group>"; };
		24C09F7C2263E99400302CEF /* ChatPageViewController.swift */ = {isa = PBXFileReference; fileEncoding = 4; lastKnownFileType = sourcecode.swift; path = ChatPageViewController.swift; sourceTree = "<group>"; };
		24C09F7E2263E99400302CEF /* Profile_DraftFinal.swift */ = {isa = PBXFileReference; fileEncoding = 4; lastKnownFileType = sourcecode.swift; path = Profile_DraftFinal.swift; sourceTree = "<group>"; };
		24C09F7F2263E99400302CEF /* Profile_Height.swift */ = {isa = PBXFileReference; fileEncoding = 4; lastKnownFileType = sourcecode.swift; path = Profile_Height.swift; sourceTree = "<group>"; };
		24C09F802263E99400302CEF /* Profile_WorkJob.swift */ = {isa = PBXFileReference; fileEncoding = 4; lastKnownFileType = sourcecode.swift; path = Profile_WorkJob.swift; sourceTree = "<group>"; };
		24C09F812263E99400302CEF /* ProfileGNBViewController.swift */ = {isa = PBXFileReference; fileEncoding = 4; lastKnownFileType = sourcecode.swift; path = ProfileGNBViewController.swift; sourceTree = "<group>"; };
		24C09F822263E99400302CEF /* Profile_Photos.swift */ = {isa = PBXFileReference; fileEncoding = 4; lastKnownFileType = sourcecode.swift; path = Profile_Photos.swift; sourceTree = "<group>"; };
		24C09F832263E99400302CEF /* ImageCollectionViewCell.swift */ = {isa = PBXFileReference; fileEncoding = 4; lastKnownFileType = sourcecode.swift; path = ImageCollectionViewCell.swift; sourceTree = "<group>"; };
		24C09F842263E99400302CEF /* Profile_HomeTown.swift */ = {isa = PBXFileReference; fileEncoding = 4; lastKnownFileType = sourcecode.swift; path = Profile_HomeTown.swift; sourceTree = "<group>"; };
		24C09F852263E99400302CEF /* Profile_PhotosUpload.swift */ = {isa = PBXFileReference; fileEncoding = 4; lastKnownFileType = sourcecode.swift; path = Profile_PhotosUpload.swift; sourceTree = "<group>"; };
		24C09F862263E99400302CEF /* Profile_Education.swift */ = {isa = PBXFileReference; fileEncoding = 4; lastKnownFileType = sourcecode.swift; path = Profile_Education.swift; sourceTree = "<group>"; };
		24C09F872263E99400302CEF /* Profile_Smoke.swift */ = {isa = PBXFileReference; fileEncoding = 4; lastKnownFileType = sourcecode.swift; path = Profile_Smoke.swift; sourceTree = "<group>"; };
		24C09F882263E99400302CEF /* Profile_Drink.swift */ = {isa = PBXFileReference; fileEncoding = 4; lastKnownFileType = sourcecode.swift; path = Profile_Drink.swift; sourceTree = "<group>"; };
		24C09F892263E99400302CEF /* Profile_Notificatioin.swift */ = {isa = PBXFileReference; fileEncoding = 4; lastKnownFileType = sourcecode.swift; path = Profile_Notificatioin.swift; sourceTree = "<group>"; };
		24C09F8C2263E99400302CEF /* MainPageTableViewCell.swift */ = {isa = PBXFileReference; fileEncoding = 4; lastKnownFileType = sourcecode.swift; path = MainPageTableViewCell.swift; sourceTree = "<group>"; };
		24C09F8D2263E99400302CEF /* MainPageTabBarViewController.swift */ = {isa = PBXFileReference; fileEncoding = 4; lastKnownFileType = sourcecode.swift; path = MainPageTabBarViewController.swift; sourceTree = "<group>"; };
		24C09F8E2263E99400302CEF /* MainPageEndViewController.swift */ = {isa = PBXFileReference; fileEncoding = 4; lastKnownFileType = sourcecode.swift; path = MainPageEndViewController.swift; sourceTree = "<group>"; };
		24C09F8F2263E99400302CEF /* ModalPopupViewController.swift */ = {isa = PBXFileReference; fileEncoding = 4; lastKnownFileType = sourcecode.swift; path = ModalPopupViewController.swift; sourceTree = "<group>"; };
		24C09F902263E99400302CEF /* MainPageViewController.swift */ = {isa = PBXFileReference; fileEncoding = 4; lastKnownFileType = sourcecode.swift; path = MainPageViewController.swift; sourceTree = "<group>"; };
		24C09F912263E99400302CEF /* MainPageViewModels.swift */ = {isa = PBXFileReference; fileEncoding = 4; lastKnownFileType = sourcecode.swift; path = MainPageViewModels.swift; sourceTree = "<group>"; };
		24C09F932263E99400302CEF /* SettingPageViewController.swift */ = {isa = PBXFileReference; fileEncoding = 4; lastKnownFileType = sourcecode.swift; path = SettingPageViewController.swift; sourceTree = "<group>"; };
		24C09F942263E99400302CEF /* ProfileSettingViewController.swift */ = {isa = PBXFileReference; fileEncoding = 4; lastKnownFileType = sourcecode.swift; path = ProfileSettingViewController.swift; sourceTree = "<group>"; };
		24C09F952263E99400302CEF /* AppLandingViewController.swift */ = {isa = PBXFileReference; fileEncoding = 4; lastKnownFileType = sourcecode.swift; path = AppLandingViewController.swift; sourceTree = "<group>"; };
		24C09F972263E99400302CEF /* PhoneAuthenticateViewController.swift */ = {isa = PBXFileReference; fileEncoding = 4; lastKnownFileType = sourcecode.swift; path = PhoneAuthenticateViewController.swift; sourceTree = "<group>"; };
		24C09F982263E99400302CEF /* PhoneVerifyViewController.swift */ = {isa = PBXFileReference; fileEncoding = 4; lastKnownFileType = sourcecode.swift; path = PhoneVerifyViewController.swift; sourceTree = "<group>"; };
		24C09F992263E99400302CEF /* NewDawn.entitlements */ = {isa = PBXFileReference; fileEncoding = 4; lastKnownFileType = text.plist.entitlements; path = NewDawn.entitlements; sourceTree = "<group>"; };
		24C09F9C2263E99400302CEF /* AppDelegate.swift */ = {isa = PBXFileReference; fileEncoding = 4; lastKnownFileType = sourcecode.swift; path = AppDelegate.swift; sourceTree = "<group>"; };
		24C09F9E2263E99400302CEF /* Info.plist */ = {isa = PBXFileReference; fileEncoding = 4; lastKnownFileType = text.plist.xml; path = Info.plist; sourceTree = "<group>"; };
		24F657F821B31C1300DB2547 /* NewDawn.app */ = {isa = PBXFileReference; explicitFileType = wrapper.application; includeInIndex = 0; path = NewDawn.app; sourceTree = BUILT_PRODUCTS_DIR; };
		24F6580C21B31C1300DB2547 /* NewDawnTests.xctest */ = {isa = PBXFileReference; explicitFileType = wrapper.cfbundle; includeInIndex = 0; path = NewDawnTests.xctest; sourceTree = BUILT_PRODUCTS_DIR; };
		24F6581021B31C1400DB2547 /* NewDawnTests.swift */ = {isa = PBXFileReference; lastKnownFileType = sourcecode.swift; path = NewDawnTests.swift; sourceTree = "<group>"; };
		24F6581221B31C1400DB2547 /* Info.plist */ = {isa = PBXFileReference; lastKnownFileType = text.plist.xml; path = Info.plist; sourceTree = "<group>"; };
		24F6581721B31C1400DB2547 /* NewDawnUITests.xctest */ = {isa = PBXFileReference; explicitFileType = wrapper.cfbundle; includeInIndex = 0; path = NewDawnUITests.xctest; sourceTree = BUILT_PRODUCTS_DIR; };
		24F6581B21B31C1400DB2547 /* NewDawnUITests.swift */ = {isa = PBXFileReference; lastKnownFileType = sourcecode.swift; path = NewDawnUITests.swift; sourceTree = "<group>"; };
		24F6581D21B31C1400DB2547 /* Info.plist */ = {isa = PBXFileReference; lastKnownFileType = text.plist.xml; path = Info.plist; sourceTree = "<group>"; };
		2F98661778968083EC2BD71A /* Pods_NewDawn.framework */ = {isa = PBXFileReference; explicitFileType = wrapper.framework; includeInIndex = 0; path = Pods_NewDawn.framework; sourceTree = BUILT_PRODUCTS_DIR; };
		5FCA5609F5DFD32BE2FFF302 /* Pods-NewDawnUITests.debug.xcconfig */ = {isa = PBXFileReference; includeInIndex = 1; lastKnownFileType = text.xcconfig; name = "Pods-NewDawnUITests.debug.xcconfig"; path = "Pods/Target Support Files/Pods-NewDawnUITests/Pods-NewDawnUITests.debug.xcconfig"; sourceTree = "<group>"; };
		9FAFEA34623E904F57768353 /* Pods_NewDawnTests.framework */ = {isa = PBXFileReference; explicitFileType = wrapper.framework; includeInIndex = 0; path = Pods_NewDawnTests.framework; sourceTree = BUILT_PRODUCTS_DIR; };
		A655CC03DE0211298043CAFD /* Pods-NewDawnTests.debug.xcconfig */ = {isa = PBXFileReference; includeInIndex = 1; lastKnownFileType = text.xcconfig; name = "Pods-NewDawnTests.debug.xcconfig"; path = "Pods/Target Support Files/Pods-NewDawnTests/Pods-NewDawnTests.debug.xcconfig"; sourceTree = "<group>"; };
		D0217C7CBCDCD65C763B5859 /* Pods-NewDawn.release.xcconfig */ = {isa = PBXFileReference; includeInIndex = 1; lastKnownFileType = text.xcconfig; name = "Pods-NewDawn.release.xcconfig"; path = "Pods/Target Support Files/Pods-NewDawn/Pods-NewDawn.release.xcconfig"; sourceTree = "<group>"; };
		EAA2FE4297433EA944BC186B /* Pods-NewDawnUITests.release.xcconfig */ = {isa = PBXFileReference; includeInIndex = 1; lastKnownFileType = text.xcconfig; name = "Pods-NewDawnUITests.release.xcconfig"; path = "Pods/Target Support Files/Pods-NewDawnUITests/Pods-NewDawnUITests.release.xcconfig"; sourceTree = "<group>"; };
		FFAE90BC116616056BF15C35 /* Pods-NewDawn.debug.xcconfig */ = {isa = PBXFileReference; includeInIndex = 1; lastKnownFileType = text.xcconfig; name = "Pods-NewDawn.debug.xcconfig"; path = "Pods/Target Support Files/Pods-NewDawn/Pods-NewDawn.debug.xcconfig"; sourceTree = "<group>"; };
/* End PBXFileReference section */

/* Begin PBXFrameworksBuildPhase section */
		24F657F521B31C1300DB2547 /* Frameworks */ = {
			isa = PBXFrameworksBuildPhase;
			buildActionMask = 2147483647;
			files = (
				E7EBBC30E654CB6DEF94B0E4 /* Pods_NewDawn.framework in Frameworks */,
			);
			runOnlyForDeploymentPostprocessing = 0;
		};
		24F6580921B31C1300DB2547 /* Frameworks */ = {
			isa = PBXFrameworksBuildPhase;
			buildActionMask = 2147483647;
			files = (
				E012BD5D910E38877F196B74 /* Pods_NewDawnTests.framework in Frameworks */,
			);
			runOnlyForDeploymentPostprocessing = 0;
		};
		24F6581421B31C1400DB2547 /* Frameworks */ = {
			isa = PBXFrameworksBuildPhase;
			buildActionMask = 2147483647;
			files = (
				287289B5642A2F4B53258129 /* Pods_NewDawnUITests.framework in Frameworks */,
			);
			runOnlyForDeploymentPostprocessing = 0;
		};
/* End PBXFrameworksBuildPhase section */

/* Begin PBXGroup section */
		17165545D8163B7189F60507 /* Pods */ = {
			isa = PBXGroup;
			children = (
				FFAE90BC116616056BF15C35 /* Pods-NewDawn.debug.xcconfig */,
				D0217C7CBCDCD65C763B5859 /* Pods-NewDawn.release.xcconfig */,
				A655CC03DE0211298043CAFD /* Pods-NewDawnTests.debug.xcconfig */,
				178CD26DF50D54E486AB41DD /* Pods-NewDawnTests.release.xcconfig */,
				5FCA5609F5DFD32BE2FFF302 /* Pods-NewDawnUITests.debug.xcconfig */,
				EAA2FE4297433EA944BC186B /* Pods-NewDawnUITests.release.xcconfig */,
			);
			name = Pods;
			sourceTree = "<group>";
		};
		2408CE3D2279330500042776 /* Views */ = {
			isa = PBXGroup;
			children = (
				2408CE3E2279331800042776 /* UIViewExtensions.swift */,
				24377835228536CF00F41CB6 /* UIButtonExtensions.swift */,
			);
			path = Views;
			sourceTree = "<group>";
		};
		24C09F5C2263E99400302CEF /* NewDawn */ = {
			isa = PBXGroup;
			children = (
				2408CE3D2279330500042776 /* Views */,
				24C09F5E2263E99400302CEF /* Assets.xcassets */,
				24C09F5F2263E99400302CEF /* Utils */,
				24C09F662263E99400302CEF /* Models */,
				24C09F692263E99400302CEF /* LaunchScreen.storyboard */,
				24C09F6B2263E99400302CEF /* MainPage.storyboard */,
				24C09F6D2263E99400302CEF /* Main.storyboard */,
				24C09F6F2263E99400302CEF /* QuestionAnswer.storyboard */,
				24C09F712263E99400302CEF /* ProfileGNB.storyboard */,
				24C09F732263E99400302CEF /* ViewControllers */,
				24C09F992263E99400302CEF /* NewDawn.entitlements */,
				24C09F9C2263E99400302CEF /* AppDelegate.swift */,
				24C09F9E2263E99400302CEF /* Info.plist */,
			);
			path = NewDawn;
			sourceTree = "<group>";
		};
		24C09F5F2263E99400302CEF /* Utils */ = {
			isa = PBXGroup;
			children = (
				24C09F602263E99400302CEF /* HttpUtil.swift */,
				24C09F612263E99400302CEF /* ChatUtil.swift */,
				24C09F622263E99400302CEF /* LocalStorageUtil.swift */,
				24C09F632263E99400302CEF /* ImageUtil.swift */,
				24C09F642263E99400302CEF /* ProfileIndexUtil.swift */,
				24C09F652263E99400302CEF /* TimerUtil.swift */,
			);
			path = Utils;
			sourceTree = "<group>";
		};
		24C09F662263E99400302CEF /* Models */ = {
			isa = PBXGroup;
			children = (
				24C09F672263E99400302CEF /* UserModels.swift */,
				24C09F682263E99400302CEF /* Message.swift */,
			);
			path = Models;
			sourceTree = "<group>";
		};
		24C09F732263E99400302CEF /* ViewControllers */ = {
			isa = PBXGroup;
			children = (
				24C09F742263E99400302CEF /* ViewController.swift */,
				24C09F752263E99400302CEF /* QuestionAnswerViewControllers */,
				24C09F792263E99400302CEF /* ChatPageViewControllers */,
				24C09F7D2263E99400302CEF /* RegistrationViewControllers */,
				24C09F8B2263E99400302CEF /* MainPageViewControllers */,
				24C09F922263E99400302CEF /* SettingPageViewControllers */,
				24C09F952263E99400302CEF /* AppLandingViewController.swift */,
				24C09F962263E99400302CEF /* LoginViewControllers */,
			);
			path = ViewControllers;
			sourceTree = "<group>";
		};
		24C09F752263E99400302CEF /* QuestionAnswerViewControllers */ = {
			isa = PBXGroup;
			children = (
				24C09F762263E99400302CEF /* QuestionViewController.swift */,
				24C09F772263E99400302CEF /* AnswerQuestionViewController.swift */,
				24C09F782263E99400302CEF /* SelectQuestionViewController.swift */,
			);
			path = QuestionAnswerViewControllers;
			sourceTree = "<group>";
		};
		24C09F792263E99400302CEF /* ChatPageViewControllers */ = {
			isa = PBXGroup;
			children = (
				24C09F7A2263E99400302CEF /* ChatRoomViewController.swift */,
				24C09F7B2263E99400302CEF /* ChatProfileViewController.swift */,
				24C09F7C2263E99400302CEF /* ChatPageViewController.swift */,
			);
			path = ChatPageViewControllers;
			sourceTree = "<group>";
		};
		24C09F7D2263E99400302CEF /* RegistrationViewControllers */ = {
			isa = PBXGroup;
			children = (
				24C09F7E2263E99400302CEF /* Profile_DraftFinal.swift */,
				24C09F7F2263E99400302CEF /* Profile_Height.swift */,
				24C09F802263E99400302CEF /* Profile_WorkJob.swift */,
				24C09F812263E99400302CEF /* ProfileGNBViewController.swift */,
				24C09F822263E99400302CEF /* Profile_Photos.swift */,
				24C09F832263E99400302CEF /* ImageCollectionViewCell.swift */,
				24C09F842263E99400302CEF /* Profile_HomeTown.swift */,
				24C09F852263E99400302CEF /* Profile_PhotosUpload.swift */,
				24C09F862263E99400302CEF /* Profile_Education.swift */,
				24C09F872263E99400302CEF /* Profile_Smoke.swift */,
				24C09F882263E99400302CEF /* Profile_Drink.swift */,
				24C09F892263E99400302CEF /* Profile_Notificatioin.swift */,
			);
			path = RegistrationViewControllers;
			sourceTree = "<group>";
		};
		24C09F8B2263E99400302CEF /* MainPageViewControllers */ = {
			isa = PBXGroup;
			children = (
				24C09F8C2263E99400302CEF /* MainPageTableViewCell.swift */,
				24C09F8D2263E99400302CEF /* MainPageTabBarViewController.swift */,
				24C09F8E2263E99400302CEF /* MainPageEndViewController.swift */,
				24C09F8F2263E99400302CEF /* ModalPopupViewController.swift */,
				24C09F902263E99400302CEF /* MainPageViewController.swift */,
				24C09F912263E99400302CEF /* MainPageViewModels.swift */,
			);
			path = MainPageViewControllers;
			sourceTree = "<group>";
		};
		24C09F922263E99400302CEF /* SettingPageViewControllers */ = {
			isa = PBXGroup;
			children = (
				24C09F932263E99400302CEF /* SettingPageViewController.swift */,
				24C09F942263E99400302CEF /* ProfileSettingViewController.swift */,
				0687F0D122680B7B00729334 /* PreferenceViewController.swift */,
				0687F0CF22680B1600729334 /* PreferenceSonViewControler.swift */,
			);
			path = SettingPageViewControllers;
			sourceTree = "<group>";
		};
		24C09F962263E99400302CEF /* LoginViewControllers */ = {
			isa = PBXGroup;
			children = (
				24C09F972263E99400302CEF /* PhoneAuthenticateViewController.swift */,
				24C09F982263E99400302CEF /* PhoneVerifyViewController.swift */,
			);
			path = LoginViewControllers;
			sourceTree = "<group>";
		};
		24F657EF21B31C1300DB2547 = {
			isa = PBXGroup;
			children = (
				24C09F5C2263E99400302CEF /* NewDawn */,
				D56257B6927956DFF08F74B6 /* Frameworks */,
				24F6580F21B31C1300DB2547 /* NewDawnTests */,
				24F6581A21B31C1400DB2547 /* NewDawnUITests */,
				17165545D8163B7189F60507 /* Pods */,
				24F657F921B31C1300DB2547 /* Products */,
			);
			sourceTree = "<group>";
		};
		24F657F921B31C1300DB2547 /* Products */ = {
			isa = PBXGroup;
			children = (
				24F657F821B31C1300DB2547 /* NewDawn.app */,
				24F6580C21B31C1300DB2547 /* NewDawnTests.xctest */,
				24F6581721B31C1400DB2547 /* NewDawnUITests.xctest */,
			);
			name = Products;
			sourceTree = "<group>";
		};
		24F6580F21B31C1300DB2547 /* NewDawnTests */ = {
			isa = PBXGroup;
			children = (
				24F6581221B31C1400DB2547 /* Info.plist */,
				24F6581021B31C1400DB2547 /* NewDawnTests.swift */,
			);
			path = NewDawnTests;
			sourceTree = "<group>";
		};
		24F6581A21B31C1400DB2547 /* NewDawnUITests */ = {
			isa = PBXGroup;
			children = (
				24F6581D21B31C1400DB2547 /* Info.plist */,
				24F6581B21B31C1400DB2547 /* NewDawnUITests.swift */,
			);
			path = NewDawnUITests;
			sourceTree = "<group>";
		};
		D56257B6927956DFF08F74B6 /* Frameworks */ = {
			isa = PBXGroup;
			children = (
				2F98661778968083EC2BD71A /* Pods_NewDawn.framework */,
				9FAFEA34623E904F57768353 /* Pods_NewDawnTests.framework */,
				04C89C23CC2E72EC69940A16 /* Pods_NewDawnUITests.framework */,
			);
			name = Frameworks;
			sourceTree = "<group>";
		};
/* End PBXGroup section */

/* Begin PBXNativeTarget section */
		24F657F721B31C1300DB2547 /* NewDawn */ = {
			isa = PBXNativeTarget;
			buildConfigurationList = 24F6582021B31C1400DB2547 /* Build configuration list for PBXNativeTarget "NewDawn" */;
			buildPhases = (
				D6F13A0E83988AE1BB08A620 /* [CP] Check Pods Manifest.lock */,
				24F657F421B31C1300DB2547 /* Sources */,
				24F657F521B31C1300DB2547 /* Frameworks */,
				24F657F621B31C1300DB2547 /* Resources */,
				060C65A601ECDAC5BED8874B /* [CP] Embed Pods Frameworks */,
			);
			buildRules = (
			);
			dependencies = (
			);
			name = NewDawn;
			productName = NewDawn;
			productReference = 24F657F821B31C1300DB2547 /* NewDawn.app */;
			productType = "com.apple.product-type.application";
		};
		24F6580B21B31C1300DB2547 /* NewDawnTests */ = {
			isa = PBXNativeTarget;
			buildConfigurationList = 24F6582321B31C1400DB2547 /* Build configuration list for PBXNativeTarget "NewDawnTests" */;
			buildPhases = (
				D114E2D8E29C2935B21C5C7A /* [CP] Check Pods Manifest.lock */,
				24F6580821B31C1300DB2547 /* Sources */,
				24F6580921B31C1300DB2547 /* Frameworks */,
				24F6580A21B31C1300DB2547 /* Resources */,
			);
			buildRules = (
			);
			dependencies = (
				24F6580E21B31C1300DB2547 /* PBXTargetDependency */,
			);
			name = NewDawnTests;
			productName = NewDawnTests;
			productReference = 24F6580C21B31C1300DB2547 /* NewDawnTests.xctest */;
			productType = "com.apple.product-type.bundle.unit-test";
		};
		24F6581621B31C1400DB2547 /* NewDawnUITests */ = {
			isa = PBXNativeTarget;
			buildConfigurationList = 24F6582621B31C1400DB2547 /* Build configuration list for PBXNativeTarget "NewDawnUITests" */;
			buildPhases = (
				9D4C1F1D198EEF699726E859 /* [CP] Check Pods Manifest.lock */,
				24F6581321B31C1400DB2547 /* Sources */,
				24F6581421B31C1400DB2547 /* Frameworks */,
				24F6581521B31C1400DB2547 /* Resources */,
			);
			buildRules = (
			);
			dependencies = (
				24F6581921B31C1400DB2547 /* PBXTargetDependency */,
			);
			name = NewDawnUITests;
			productName = NewDawnUITests;
			productReference = 24F6581721B31C1400DB2547 /* NewDawnUITests.xctest */;
			productType = "com.apple.product-type.bundle.ui-testing";
		};
/* End PBXNativeTarget section */

/* Begin PBXProject section */
		24F657F021B31C1300DB2547 /* Project object */ = {
			isa = PBXProject;
			attributes = {
				LastSwiftUpdateCheck = 0810;
				LastUpgradeCheck = 1010;
				ORGANIZATIONNAME = "New Dawn";
				TargetAttributes = {
					24F657F721B31C1300DB2547 = {
						CreatedOnToolsVersion = 8.1;
						LastSwiftMigration = 1010;
						ProvisioningStyle = Automatic;
						SystemCapabilities = {
							com.apple.Push = {
								enabled = 1;
							};
						};
					};
					24F6580B21B31C1300DB2547 = {
						CreatedOnToolsVersion = 8.1;
						LastSwiftMigration = 1010;
						ProvisioningStyle = Automatic;
						TestTargetID = 24F657F721B31C1300DB2547;
					};
					24F6581621B31C1400DB2547 = {
						CreatedOnToolsVersion = 8.1;
						LastSwiftMigration = 1010;
						ProvisioningStyle = Automatic;
						TestTargetID = 24F657F721B31C1300DB2547;
					};
				};
			};
			buildConfigurationList = 24F657F321B31C1300DB2547 /* Build configuration list for PBXProject "NewDawn" */;
			compatibilityVersion = "Xcode 10.0";
			developmentRegion = English;
			hasScannedForEncodings = 0;
			knownRegions = (
				English,
				en,
				Base,
			);
			mainGroup = 24F657EF21B31C1300DB2547;
			productRefGroup = 24F657F921B31C1300DB2547 /* Products */;
			projectDirPath = "";
			projectRoot = "";
			targets = (
				24F657F721B31C1300DB2547 /* NewDawn */,
				24F6580B21B31C1300DB2547 /* NewDawnTests */,
				24F6581621B31C1400DB2547 /* NewDawnUITests */,
			);
		};
/* End PBXProject section */

/* Begin PBXResourcesBuildPhase section */
		24F657F621B31C1300DB2547 /* Resources */ = {
			isa = PBXResourcesBuildPhase;
			buildActionMask = 2147483647;
			files = (
				24C09FAC2263E99400302CEF /* QuestionAnswer.storyboard in Resources */,
				24C09FAA2263E99400302CEF /* MainPage.storyboard in Resources */,
				24C09FA02263E99400302CEF /* Assets.xcassets in Resources */,
				24C09FA92263E99400302CEF /* LaunchScreen.storyboard in Resources */,
				24C09FAD2263E99400302CEF /* ProfileGNB.storyboard in Resources */,
				24C09FAB2263E99400302CEF /* Main.storyboard in Resources */,
			);
			runOnlyForDeploymentPostprocessing = 0;
		};
		24F6580A21B31C1300DB2547 /* Resources */ = {
			isa = PBXResourcesBuildPhase;
			buildActionMask = 2147483647;
			files = (
			);
			runOnlyForDeploymentPostprocessing = 0;
		};
		24F6581521B31C1400DB2547 /* Resources */ = {
			isa = PBXResourcesBuildPhase;
			buildActionMask = 2147483647;
			files = (
			);
			runOnlyForDeploymentPostprocessing = 0;
		};
/* End PBXResourcesBuildPhase section */

/* Begin PBXShellScriptBuildPhase section */
		060C65A601ECDAC5BED8874B /* [CP] Embed Pods Frameworks */ = {
			isa = PBXShellScriptBuildPhase;
			buildActionMask = 2147483647;
			files = (
			);
			inputFileListPaths = (
			);
			inputPaths = (
				"${PODS_ROOT}/Target Support Files/Pods-NewDawn/Pods-NewDawn-frameworks.sh",
				"${BUILT_PRODUCTS_DIR}/Alamofire/Alamofire.framework",
				"${BUILT_PRODUCTS_DIR}/CryptoSwift/CryptoSwift.framework",
				"${BUILT_PRODUCTS_DIR}/MessageInputBar/MessageInputBar.framework",
				"${BUILT_PRODUCTS_DIR}/MessageKit/MessageKit.framework",
				"${BUILT_PRODUCTS_DIR}/PushNotifications/PushNotifications.framework",
				"${BUILT_PRODUCTS_DIR}/PusherSwift/PusherSwift.framework",
				"${BUILT_PRODUCTS_DIR}/ReachabilitySwift/Reachability.framework",
				"${BUILT_PRODUCTS_DIR}/Starscream/Starscream.framework",
				"${BUILT_PRODUCTS_DIR}/SwiftKeychainWrapper/SwiftKeychainWrapper.framework",
				"${BUILT_PRODUCTS_DIR}/TaskQueue/TaskQueue.framework",
			);
			name = "[CP] Embed Pods Frameworks";
			outputFileListPaths = (
			);
			outputPaths = (
				"${TARGET_BUILD_DIR}/${FRAMEWORKS_FOLDER_PATH}/Alamofire.framework",
				"${TARGET_BUILD_DIR}/${FRAMEWORKS_FOLDER_PATH}/CryptoSwift.framework",
				"${TARGET_BUILD_DIR}/${FRAMEWORKS_FOLDER_PATH}/MessageInputBar.framework",
				"${TARGET_BUILD_DIR}/${FRAMEWORKS_FOLDER_PATH}/MessageKit.framework",
				"${TARGET_BUILD_DIR}/${FRAMEWORKS_FOLDER_PATH}/PushNotifications.framework",
				"${TARGET_BUILD_DIR}/${FRAMEWORKS_FOLDER_PATH}/PusherSwift.framework",
				"${TARGET_BUILD_DIR}/${FRAMEWORKS_FOLDER_PATH}/Reachability.framework",
				"${TARGET_BUILD_DIR}/${FRAMEWORKS_FOLDER_PATH}/Starscream.framework",
				"${TARGET_BUILD_DIR}/${FRAMEWORKS_FOLDER_PATH}/SwiftKeychainWrapper.framework",
				"${TARGET_BUILD_DIR}/${FRAMEWORKS_FOLDER_PATH}/TaskQueue.framework",
			);
			runOnlyForDeploymentPostprocessing = 0;
			shellPath = /bin/sh;
			shellScript = "\"${PODS_ROOT}/Target Support Files/Pods-NewDawn/Pods-NewDawn-frameworks.sh\"\n";
			showEnvVarsInLog = 0;
		};
		9D4C1F1D198EEF699726E859 /* [CP] Check Pods Manifest.lock */ = {
			isa = PBXShellScriptBuildPhase;
			buildActionMask = 2147483647;
			files = (
			);
			inputFileListPaths = (
			);
			inputPaths = (
				"${PODS_PODFILE_DIR_PATH}/Podfile.lock",
				"${PODS_ROOT}/Manifest.lock",
			);
			name = "[CP] Check Pods Manifest.lock";
			outputFileListPaths = (
			);
			outputPaths = (
				"$(DERIVED_FILE_DIR)/Pods-NewDawnUITests-checkManifestLockResult.txt",
			);
			runOnlyForDeploymentPostprocessing = 0;
			shellPath = /bin/sh;
			shellScript = "diff \"${PODS_PODFILE_DIR_PATH}/Podfile.lock\" \"${PODS_ROOT}/Manifest.lock\" > /dev/null\nif [ $? != 0 ] ; then\n    # print error to STDERR\n    echo \"error: The sandbox is not in sync with the Podfile.lock. Run 'pod install' or update your CocoaPods installation.\" >&2\n    exit 1\nfi\n# This output is used by Xcode 'outputs' to avoid re-running this script phase.\necho \"SUCCESS\" > \"${SCRIPT_OUTPUT_FILE_0}\"\n";
			showEnvVarsInLog = 0;
		};
		D114E2D8E29C2935B21C5C7A /* [CP] Check Pods Manifest.lock */ = {
			isa = PBXShellScriptBuildPhase;
			buildActionMask = 2147483647;
			files = (
			);
			inputFileListPaths = (
			);
			inputPaths = (
				"${PODS_PODFILE_DIR_PATH}/Podfile.lock",
				"${PODS_ROOT}/Manifest.lock",
			);
			name = "[CP] Check Pods Manifest.lock";
			outputFileListPaths = (
			);
			outputPaths = (
				"$(DERIVED_FILE_DIR)/Pods-NewDawnTests-checkManifestLockResult.txt",
			);
			runOnlyForDeploymentPostprocessing = 0;
			shellPath = /bin/sh;
			shellScript = "diff \"${PODS_PODFILE_DIR_PATH}/Podfile.lock\" \"${PODS_ROOT}/Manifest.lock\" > /dev/null\nif [ $? != 0 ] ; then\n    # print error to STDERR\n    echo \"error: The sandbox is not in sync with the Podfile.lock. Run 'pod install' or update your CocoaPods installation.\" >&2\n    exit 1\nfi\n# This output is used by Xcode 'outputs' to avoid re-running this script phase.\necho \"SUCCESS\" > \"${SCRIPT_OUTPUT_FILE_0}\"\n";
			showEnvVarsInLog = 0;
		};
		D6F13A0E83988AE1BB08A620 /* [CP] Check Pods Manifest.lock */ = {
			isa = PBXShellScriptBuildPhase;
			buildActionMask = 2147483647;
			files = (
			);
			inputFileListPaths = (
			);
			inputPaths = (
				"${PODS_PODFILE_DIR_PATH}/Podfile.lock",
				"${PODS_ROOT}/Manifest.lock",
			);
			name = "[CP] Check Pods Manifest.lock";
			outputFileListPaths = (
			);
			outputPaths = (
				"$(DERIVED_FILE_DIR)/Pods-NewDawn-checkManifestLockResult.txt",
			);
			runOnlyForDeploymentPostprocessing = 0;
			shellPath = /bin/sh;
			shellScript = "diff \"${PODS_PODFILE_DIR_PATH}/Podfile.lock\" \"${PODS_ROOT}/Manifest.lock\" > /dev/null\nif [ $? != 0 ] ; then\n    # print error to STDERR\n    echo \"error: The sandbox is not in sync with the Podfile.lock. Run 'pod install' or update your CocoaPods installation.\" >&2\n    exit 1\nfi\n# This output is used by Xcode 'outputs' to avoid re-running this script phase.\necho \"SUCCESS\" > \"${SCRIPT_OUTPUT_FILE_0}\"\n";
			showEnvVarsInLog = 0;
		};
/* End PBXShellScriptBuildPhase section */

/* Begin PBXSourcesBuildPhase section */
		24F657F421B31C1300DB2547 /* Sources */ = {
			isa = PBXSourcesBuildPhase;
			buildActionMask = 2147483647;
			files = (
				24C09FCC2263E99400302CEF /* PhoneVerifyViewController.swift in Sources */,
				24C09FAE2263E99400302CEF /* ViewController.swift in Sources */,
				24C09FBE2263E99400302CEF /* Profile_Smoke.swift in Sources */,
				24C09FCB2263E99400302CEF /* PhoneAuthenticateViewController.swift in Sources */,
				24C09FA52263E99400302CEF /* ProfileIndexUtil.swift in Sources */,
				0687F0D222680B7B00729334 /* PreferenceViewController.swift in Sources */,
				24C09FB42263E99400302CEF /* ChatPageViewController.swift in Sources */,
				24C09FB72263E99400302CEF /* Profile_WorkJob.swift in Sources */,
				24C09FC92263E99400302CEF /* ProfileSettingViewController.swift in Sources */,
				24C09FA22263E99400302CEF /* ChatUtil.swift in Sources */,
				2408CE3F2279331800042776 /* UIViewExtensions.swift in Sources */,
				24C09FB12263E99400302CEF /* SelectQuestionViewController.swift in Sources */,
				24C09FB02263E99400302CEF /* AnswerQuestionViewController.swift in Sources */,
				24C09FA82263E99400302CEF /* Message.swift in Sources */,
				24C09FC02263E99400302CEF /* Profile_Notificatioin.swift in Sources */,
				24C09FBF2263E99400302CEF /* Profile_Drink.swift in Sources */,
				24C09FB62263E99400302CEF /* Profile_Height.swift in Sources */,
				24C09FBB2263E99400302CEF /* Profile_HomeTown.swift in Sources */,
				24C09FCE2263E99400302CEF /* AppDelegate.swift in Sources */,
				24C09FC32263E99400302CEF /* MainPageTabBarViewController.swift in Sources */,
				24C09FB22263E99400302CEF /* ChatRoomViewController.swift in Sources */,
				24C09FB52263E99400302CEF /* Profile_DraftFinal.swift in Sources */,
				24C09FC72263E99400302CEF /* MainPageViewModels.swift in Sources */,
				24C09FCA2263E99400302CEF /* AppLandingViewController.swift in Sources */,
				24C09FC42263E99400302CEF /* MainPageEndViewController.swift in Sources */,
				24C09FC52263E99400302CEF /* ModalPopupViewController.swift in Sources */,
				24C09FC22263E99400302CEF /* MainPageTableViewCell.swift in Sources */,
				24C09FBA2263E99400302CEF /* ImageCollectionViewCell.swift in Sources */,
				24C09FBD2263E99400302CEF /* Profile_Education.swift in Sources */,
				24C09FB82263E99400302CEF /* ProfileGNBViewController.swift in Sources */,
				24377836228536CF00F41CB6 /* UIButtonExtensions.swift in Sources */,
				24C09FA62263E99400302CEF /* TimerUtil.swift in Sources */,
				24C09FA12263E99400302CEF /* HttpUtil.swift in Sources */,
				24C09FA32263E99400302CEF /* LocalStorageUtil.swift in Sources */,
				24C09FC82263E99400302CEF /* SettingPageViewController.swift in Sources */,
				24C09FA72263E99400302CEF /* UserModels.swift in Sources */,
				0687F0D022680B1600729334 /* PreferenceSonViewControler.swift in Sources */,
				24C09FB32263E99400302CEF /* ChatProfileViewController.swift in Sources */,
				24C09FB92263E99400302CEF /* Profile_Photos.swift in Sources */,
				24C09FA42263E99400302CEF /* ImageUtil.swift in Sources */,
				24C09FAF2263E99400302CEF /* QuestionViewController.swift in Sources */,
				24C09FC62263E99400302CEF /* MainPageViewController.swift in Sources */,
				24C09FBC2263E99400302CEF /* Profile_PhotosUpload.swift in Sources */,
			);
			runOnlyForDeploymentPostprocessing = 0;
		};
		24F6580821B31C1300DB2547 /* Sources */ = {
			isa = PBXSourcesBuildPhase;
			buildActionMask = 2147483647;
			files = (
				24F6581121B31C1400DB2547 /* NewDawnTests.swift in Sources */,
			);
			runOnlyForDeploymentPostprocessing = 0;
		};
		24F6581321B31C1400DB2547 /* Sources */ = {
			isa = PBXSourcesBuildPhase;
			buildActionMask = 2147483647;
			files = (
				24F6581C21B31C1400DB2547 /* NewDawnUITests.swift in Sources */,
			);
			runOnlyForDeploymentPostprocessing = 0;
		};
/* End PBXSourcesBuildPhase section */

/* Begin PBXTargetDependency section */
		24F6580E21B31C1300DB2547 /* PBXTargetDependency */ = {
			isa = PBXTargetDependency;
			target = 24F657F721B31C1300DB2547 /* NewDawn */;
			targetProxy = 24F6580D21B31C1300DB2547 /* PBXContainerItemProxy */;
		};
		24F6581921B31C1400DB2547 /* PBXTargetDependency */ = {
			isa = PBXTargetDependency;
			target = 24F657F721B31C1300DB2547 /* NewDawn */;
			targetProxy = 24F6581821B31C1400DB2547 /* PBXContainerItemProxy */;
		};
/* End PBXTargetDependency section */

/* Begin PBXVariantGroup section */
		24C09F692263E99400302CEF /* LaunchScreen.storyboard */ = {
			isa = PBXVariantGroup;
			children = (
				24C09F6A2263E99400302CEF /* Base */,
			);
			name = LaunchScreen.storyboard;
			sourceTree = "<group>";
		};
		24C09F6B2263E99400302CEF /* MainPage.storyboard */ = {
			isa = PBXVariantGroup;
			children = (
				24C09F6C2263E99400302CEF /* Base */,
			);
			name = MainPage.storyboard;
			sourceTree = "<group>";
		};
		24C09F6D2263E99400302CEF /* Main.storyboard */ = {
			isa = PBXVariantGroup;
			children = (
				24C09F6E2263E99400302CEF /* Base */,
			);
			name = Main.storyboard;
			sourceTree = "<group>";
		};
		24C09F6F2263E99400302CEF /* QuestionAnswer.storyboard */ = {
			isa = PBXVariantGroup;
			children = (
				24C09F702263E99400302CEF /* Base */,
			);
			name = QuestionAnswer.storyboard;
			sourceTree = "<group>";
		};
		24C09F712263E99400302CEF /* ProfileGNB.storyboard */ = {
			isa = PBXVariantGroup;
			children = (
				24C09F722263E99400302CEF /* Base */,
			);
			name = ProfileGNB.storyboard;
			sourceTree = "<group>";
		};
/* End PBXVariantGroup section */

/* Begin XCBuildConfiguration section */
		24F6581E21B31C1400DB2547 /* Debug */ = {
			isa = XCBuildConfiguration;
			buildSettings = {
				ALWAYS_SEARCH_USER_PATHS = NO;
				CLANG_ANALYZER_NONNULL = YES;
				CLANG_CXX_LANGUAGE_STANDARD = "gnu++0x";
				CLANG_CXX_LIBRARY = "libc++";
				CLANG_ENABLE_MODULES = YES;
				CLANG_ENABLE_OBJC_ARC = YES;
				CLANG_WARN_BOOL_CONVERSION = YES;
				CLANG_WARN_CONSTANT_CONVERSION = YES;
				CLANG_WARN_DIRECT_OBJC_ISA_USAGE = YES_ERROR;
				CLANG_WARN_DOCUMENTATION_COMMENTS = YES;
				CLANG_WARN_EMPTY_BODY = YES;
				CLANG_WARN_ENUM_CONVERSION = YES;
				CLANG_WARN_INFINITE_RECURSION = YES;
				CLANG_WARN_INT_CONVERSION = YES;
				CLANG_WARN_OBJC_ROOT_CLASS = YES_ERROR;
				CLANG_WARN_SUSPICIOUS_MOVES = YES;
				CLANG_WARN_UNREACHABLE_CODE = YES;
				CLANG_WARN__DUPLICATE_METHOD_MATCH = YES;
				"CODE_SIGN_IDENTITY[sdk=iphoneos*]" = "iPhone Developer";
				COPY_PHASE_STRIP = NO;
				DEBUG_INFORMATION_FORMAT = dwarf;
				ENABLE_STRICT_OBJC_MSGSEND = YES;
				ENABLE_TESTABILITY = YES;
				GCC_C_LANGUAGE_STANDARD = gnu99;
				GCC_DYNAMIC_NO_PIC = NO;
				GCC_NO_COMMON_BLOCKS = YES;
				GCC_OPTIMIZATION_LEVEL = 0;
				GCC_PREPROCESSOR_DEFINITIONS = (
					"DEBUG=1",
					"$(inherited)",
				);
				GCC_WARN_64_TO_32_BIT_CONVERSION = YES;
				GCC_WARN_ABOUT_RETURN_TYPE = YES_ERROR;
				GCC_WARN_UNDECLARED_SELECTOR = YES;
				GCC_WARN_UNINITIALIZED_AUTOS = YES_AGGRESSIVE;
				GCC_WARN_UNUSED_FUNCTION = YES;
				GCC_WARN_UNUSED_VARIABLE = YES;
				IPHONEOS_DEPLOYMENT_TARGET = 12.1;
				MTL_ENABLE_DEBUG_INFO = YES;
				ONLY_ACTIVE_ARCH = YES;
				SDKROOT = iphoneos;
				SWIFT_ACTIVE_COMPILATION_CONDITIONS = DEBUG;
				SWIFT_OPTIMIZATION_LEVEL = "-Onone";
				TARGETED_DEVICE_FAMILY = "1,2";
			};
			name = Debug;
		};
		24F6581F21B31C1400DB2547 /* Release */ = {
			isa = XCBuildConfiguration;
			buildSettings = {
				ALWAYS_SEARCH_USER_PATHS = NO;
				CLANG_ANALYZER_NONNULL = YES;
				CLANG_CXX_LANGUAGE_STANDARD = "gnu++0x";
				CLANG_CXX_LIBRARY = "libc++";
				CLANG_ENABLE_MODULES = YES;
				CLANG_ENABLE_OBJC_ARC = YES;
				CLANG_WARN_BOOL_CONVERSION = YES;
				CLANG_WARN_CONSTANT_CONVERSION = YES;
				CLANG_WARN_DIRECT_OBJC_ISA_USAGE = YES_ERROR;
				CLANG_WARN_DOCUMENTATION_COMMENTS = YES;
				CLANG_WARN_EMPTY_BODY = YES;
				CLANG_WARN_ENUM_CONVERSION = YES;
				CLANG_WARN_INFINITE_RECURSION = YES;
				CLANG_WARN_INT_CONVERSION = YES;
				CLANG_WARN_OBJC_ROOT_CLASS = YES_ERROR;
				CLANG_WARN_SUSPICIOUS_MOVES = YES;
				CLANG_WARN_UNREACHABLE_CODE = YES;
				CLANG_WARN__DUPLICATE_METHOD_MATCH = YES;
				"CODE_SIGN_IDENTITY[sdk=iphoneos*]" = "iPhone Developer";
				COPY_PHASE_STRIP = NO;
				DEBUG_INFORMATION_FORMAT = "dwarf-with-dsym";
				ENABLE_NS_ASSERTIONS = NO;
				ENABLE_STRICT_OBJC_MSGSEND = YES;
				GCC_C_LANGUAGE_STANDARD = gnu99;
				GCC_NO_COMMON_BLOCKS = YES;
				GCC_WARN_64_TO_32_BIT_CONVERSION = YES;
				GCC_WARN_ABOUT_RETURN_TYPE = YES_ERROR;
				GCC_WARN_UNDECLARED_SELECTOR = YES;
				GCC_WARN_UNINITIALIZED_AUTOS = YES_AGGRESSIVE;
				GCC_WARN_UNUSED_FUNCTION = YES;
				GCC_WARN_UNUSED_VARIABLE = YES;
				IPHONEOS_DEPLOYMENT_TARGET = 12.1;
				MTL_ENABLE_DEBUG_INFO = NO;
				SDKROOT = iphoneos;
				SWIFT_COMPILATION_MODE = wholemodule;
				SWIFT_OPTIMIZATION_LEVEL = "-O";
				TARGETED_DEVICE_FAMILY = "1,2";
				VALIDATE_PRODUCT = YES;
			};
			name = Release;
		};
		24F6582121B31C1400DB2547 /* Debug */ = {
			isa = XCBuildConfiguration;
			baseConfigurationReference = FFAE90BC116616056BF15C35 /* Pods-NewDawn.debug.xcconfig */;
			buildSettings = {
				CODE_SIGN_ENTITLEMENTS = NewDawn/NewDawn.entitlements;
				DEVELOPMENT_TEAM = "";
				INFOPLIST_FILE = NewDawn/Info.plist;
				IPHONEOS_DEPLOYMENT_TARGET = 12.1;
				LD_RUNPATH_SEARCH_PATHS = (
					"$(inherited)",
					"@executable_path/Frameworks",
				);
				PRODUCT_BUNDLE_IDENTIFIER = "com.new-dawn.NewDawn.10005";
				PRODUCT_NAME = "$(TARGET_NAME)";
				SWIFT_SWIFT3_OBJC_INFERENCE = On;
				SWIFT_VERSION = 4.2;
			};
			name = Debug;
		};
		24F6582221B31C1400DB2547 /* Release */ = {
			isa = XCBuildConfiguration;
			baseConfigurationReference = D0217C7CBCDCD65C763B5859 /* Pods-NewDawn.release.xcconfig */;
			buildSettings = {
				CODE_SIGN_ENTITLEMENTS = NewDawn/NewDawn.entitlements;
				DEVELOPMENT_TEAM = "";
				INFOPLIST_FILE = NewDawn/Info.plist;
				IPHONEOS_DEPLOYMENT_TARGET = 12.1;
				LD_RUNPATH_SEARCH_PATHS = (
					"$(inherited)",
					"@executable_path/Frameworks",
				);
				PRODUCT_BUNDLE_IDENTIFIER = "com.new-dawn.NewDawn.10005";
				PRODUCT_NAME = "$(TARGET_NAME)";
				SWIFT_SWIFT3_OBJC_INFERENCE = On;
				SWIFT_VERSION = 4.2;
			};
			name = Release;
		};
		24F6582421B31C1400DB2547 /* Debug */ = {
			isa = XCBuildConfiguration;
			baseConfigurationReference = A655CC03DE0211298043CAFD /* Pods-NewDawnTests.debug.xcconfig */;
			buildSettings = {
				ALWAYS_EMBED_SWIFT_STANDARD_LIBRARIES = YES;
				BUNDLE_LOADER = "$(TEST_HOST)";
				INFOPLIST_FILE = NewDawnTests/Info.plist;
				LD_RUNPATH_SEARCH_PATHS = (
					"$(inherited)",
					"@executable_path/Frameworks",
					"@loader_path/Frameworks",
				);
				PRODUCT_BUNDLE_IDENTIFIER = "com.new-dawn.NewDawnTests";
				PRODUCT_NAME = "$(TARGET_NAME)";
				SWIFT_SWIFT3_OBJC_INFERENCE = On;
				SWIFT_VERSION = 4.2;
				TEST_HOST = "$(BUILT_PRODUCTS_DIR)/NewDawn.app/NewDawn";
			};
			name = Debug;
		};
		24F6582521B31C1400DB2547 /* Release */ = {
			isa = XCBuildConfiguration;
			baseConfigurationReference = 178CD26DF50D54E486AB41DD /* Pods-NewDawnTests.release.xcconfig */;
			buildSettings = {
				ALWAYS_EMBED_SWIFT_STANDARD_LIBRARIES = YES;
				BUNDLE_LOADER = "$(TEST_HOST)";
				INFOPLIST_FILE = NewDawnTests/Info.plist;
				LD_RUNPATH_SEARCH_PATHS = (
					"$(inherited)",
					"@executable_path/Frameworks",
					"@loader_path/Frameworks",
				);
				PRODUCT_BUNDLE_IDENTIFIER = "com.new-dawn.NewDawnTests";
				PRODUCT_NAME = "$(TARGET_NAME)";
				SWIFT_SWIFT3_OBJC_INFERENCE = On;
				SWIFT_VERSION = 4.2;
				TEST_HOST = "$(BUILT_PRODUCTS_DIR)/NewDawn.app/NewDawn";
			};
			name = Release;
		};
		24F6582721B31C1400DB2547 /* Debug */ = {
			isa = XCBuildConfiguration;
			baseConfigurationReference = 5FCA5609F5DFD32BE2FFF302 /* Pods-NewDawnUITests.debug.xcconfig */;
			buildSettings = {
				ALWAYS_EMBED_SWIFT_STANDARD_LIBRARIES = YES;
				INFOPLIST_FILE = NewDawnUITests/Info.plist;
				LD_RUNPATH_SEARCH_PATHS = (
					"$(inherited)",
					"@executable_path/Frameworks",
					"@loader_path/Frameworks",
				);
				PRODUCT_BUNDLE_IDENTIFIER = "com.new-dawn.NewDawnUITests";
				PRODUCT_NAME = "$(TARGET_NAME)";
				SWIFT_SWIFT3_OBJC_INFERENCE = On;
				SWIFT_VERSION = 4.2;
				TEST_TARGET_NAME = NewDawn;
			};
			name = Debug;
		};
		24F6582821B31C1400DB2547 /* Release */ = {
			isa = XCBuildConfiguration;
			baseConfigurationReference = EAA2FE4297433EA944BC186B /* Pods-NewDawnUITests.release.xcconfig */;
			buildSettings = {
				ALWAYS_EMBED_SWIFT_STANDARD_LIBRARIES = YES;
				INFOPLIST_FILE = NewDawnUITests/Info.plist;
				LD_RUNPATH_SEARCH_PATHS = (
					"$(inherited)",
					"@executable_path/Frameworks",
					"@loader_path/Frameworks",
				);
				PRODUCT_BUNDLE_IDENTIFIER = "com.new-dawn.NewDawnUITests";
				PRODUCT_NAME = "$(TARGET_NAME)";
				SWIFT_SWIFT3_OBJC_INFERENCE = On;
				SWIFT_VERSION = 4.2;
				TEST_TARGET_NAME = NewDawn;
			};
			name = Release;
		};
/* End XCBuildConfiguration section */

/* Begin XCConfigurationList section */
		24F657F321B31C1300DB2547 /* Build configuration list for PBXProject "NewDawn" */ = {
			isa = XCConfigurationList;
			buildConfigurations = (
				24F6581E21B31C1400DB2547 /* Debug */,
				24F6581F21B31C1400DB2547 /* Release */,
			);
			defaultConfigurationIsVisible = 0;
			defaultConfigurationName = Release;
		};
		24F6582021B31C1400DB2547 /* Build configuration list for PBXNativeTarget "NewDawn" */ = {
			isa = XCConfigurationList;
			buildConfigurations = (
				24F6582121B31C1400DB2547 /* Debug */,
				24F6582221B31C1400DB2547 /* Release */,
			);
			defaultConfigurationIsVisible = 0;
			defaultConfigurationName = Release;
		};
		24F6582321B31C1400DB2547 /* Build configuration list for PBXNativeTarget "NewDawnTests" */ = {
			isa = XCConfigurationList;
			buildConfigurations = (
				24F6582421B31C1400DB2547 /* Debug */,
				24F6582521B31C1400DB2547 /* Release */,
			);
			defaultConfigurationIsVisible = 0;
			defaultConfigurationName = Release;
		};
		24F6582621B31C1400DB2547 /* Build configuration list for PBXNativeTarget "NewDawnUITests" */ = {
			isa = XCConfigurationList;
			buildConfigurations = (
				24F6582721B31C1400DB2547 /* Debug */,
				24F6582821B31C1400DB2547 /* Release */,
			);
			defaultConfigurationIsVisible = 0;
			defaultConfigurationName = Release;
		};
/* End XCConfigurationList section */
	};
	rootObject = 24F657F021B31C1300DB2547 /* Project object */;
}
